<?xml version="1.0" encoding="utf-8"?>
<Project ToolsVersion="4.0" xmlns="http://schemas.microsoft.com/developer/msbuild/2003">
  <ItemGroup>
    <Filter Include="Source Files">
      <UniqueIdentifier>{4FC737F1-C7A5-4376-A066-2A32D752A2FF}</UniqueIdentifier>
      <Extensions>cpp;c;cc;cxx;def;odl;idl;hpj;bat;asm;asmx</Extensions>
    </Filter>
    <Filter Include="Header Files">
      <UniqueIdentifier>{93995380-89BD-4b04-88EB-625FBE52EBFB}</UniqueIdentifier>
      <Extensions>h;hpp;hxx;hm;inl;inc;xsd</Extensions>
    </Filter>
    <Filter Include="Resource Files">
      <UniqueIdentifier>{67DA6AB6-F800-4c08-8B7A-83BB121AAD01}</UniqueIdentifier>
      <Extensions>rc;ico;cur;bmp;dlg;rc2;rct;bin;rgs;gif;jpg;jpeg;jpe;resx;tiff;tif;png;wav;mfcribbon-ms</Extensions>
    </Filter>
    <Filter Include="Shaders">
      <UniqueIdentifier>{b0e676a6-16b6-40b4-84e2-530b12c5ac7c}</UniqueIdentifier>
    </Filter>
  </ItemGroup>
  <ItemGroup>
    <ClCompile Include="Coursework.cpp">
      <Filter>Source Files</Filter>
    </ClCompile>
    <ClCompile Include="Renderer.cpp">
      <Filter>Source Files</Filter>
    </ClCompile>
  </ItemGroup>
  <ItemGroup>
    <ClInclude Include="Renderer.h">
      <Filter>Header Files</Filter>
    </ClInclude>
  </ItemGroup>
  <ItemGroup>
    <None Include="..\..\Shaders\basicVertex.glsl">
      <Filter>Shaders</Filter>
    </None>
    <None Include="..\..\Shaders\bufferFragment.glsl">
      <Filter>Shaders</Filter>
    </None>
    <None Include="..\..\Shaders\bumpFragment.glsl">
      <Filter>Shaders</Filter>
    </None>
    <None Include="..\..\Shaders\bumpVertex.glsl">
      <Filter>Shaders</Filter>
    </None>
    <None Include="..\..\Shaders\colourFragment.glsl">
      <Filter>Shaders</Filter>
    </None>
    <None Include="..\..\Shaders\combinefrag.glsl">
      <Filter>Shaders</Filter>
    </None>
    <None Include="..\..\Shaders\combinevert.glsl">
      <Filter>Shaders</Filter>
    </None>
    <None Include="..\..\Shaders\debugFragment.glsl">
      <Filter>Shaders</Filter>
    </None>
    <None Include="..\..\Shaders\debugVertex.glsl">
      <Filter>Shaders</Filter>
    </None>
    <None Include="..\..\Shaders\geom.glsl">
      <Filter>Shaders</Filter>
    </None>
    <None Include="..\..\Shaders\MatrixVertex.glsl">
      <Filter>Shaders</Filter>
    </None>
    <None Include="..\..\Shaders\PerPixelFragment.glsl">
      <Filter>Shaders</Filter>
    </None>
    <None Include="..\..\Shaders\PerPixelVertex.glsl">
      <Filter>Shaders</Filter>
    </None>
    <None Include="..\..\Shaders\pointlightfragment.glsl">
      <Filter>Shaders</Filter>
    </None>
    <None Include="..\..\Shaders\pointlightvertex.glsl">
      <Filter>Shaders</Filter>
    </None>
    <None Include="..\..\Shaders\processFrag.glsl">
      <Filter>Shaders</Filter>
    </None>
    <None Include="..\..\Shaders\rainGeom.glsl">
      <Filter>Shaders</Filter>
    </None>
    <None Include="..\..\Shaders\rainTCS.glsl">
      <Filter>Shaders</Filter>
    </None>
    <None Include="..\..\Shaders\rainTES.glsl">
      <Filter>Shaders</Filter>
    </None>
    <None Include="..\..\Shaders\reflectFragment.glsl">
      <Filter>Shaders</Filter>
    </None>
    <None Include="..\..\Shaders\riverFrag.glsl">
      <Filter>Shaders</Filter>
    </None>
    <None Include="..\..\Shaders\riverVert.glsl">
      <Filter>Shaders</Filter>
    </None>
    <None Include="..\..\Shaders\SceneFragment.glsl">
      <Filter>Shaders</Filter>
    </None>
    <None Include="..\..\Shaders\SceneVertex.glsl">
      <Filter>Shaders</Filter>
    </None>
    <None Include="..\..\Shaders\shadowFrag.glsl">
      <Filter>Shaders</Filter>
    </None>
    <None Include="..\..\Shaders\shadowFrag2.glsl">
      <Filter>Shaders</Filter>
    </None>
    <None Include="..\..\Shaders\shadowscenefrag.glsl">
      <Filter>Shaders</Filter>
    </None>
    <None Include="..\..\Shaders\shadowscenevert.glsl">
      <Filter>Shaders</Filter>
    </None>
    <None Include="..\..\Shaders\shadowVer2.glsl">
      <Filter>Shaders</Filter>
    </None>
    <None Include="..\..\Shaders\shadowVert.glsl">
      <Filter>Shaders</Filter>
    </None>
    <None Include="..\..\Shaders\skeletonVertex Commented.glsl">
      <Filter>Shaders</Filter>
    </None>
    <None Include="..\..\Shaders\skeletonVertex.glsl">
      <Filter>Shaders</Filter>
    </None>
    <None Include="..\..\Shaders\skeletonVertexSimple.glsl">
      <Filter>Shaders</Filter>
    </None>
    <None Include="..\..\Shaders\skyboxFragment.glsl">
      <Filter>Shaders</Filter>
    </None>
    <None Include="..\..\Shaders\skyboxVertex.glsl">
      <Filter>Shaders</Filter>
    </None>
    <None Include="..\..\Shaders\StencilFragment.glsl">
      <Filter>Shaders</Filter>
    </None>
    <None Include="..\..\Shaders\TCS.glsl">
      <Filter>Shaders</Filter>
    </None>
    <None Include="..\..\Shaders\TES.glsl">
      <Filter>Shaders</Filter>
    </None>
    <None Include="..\..\Shaders\TexturedFragment.glsl">
      <Filter>Shaders</Filter>
    </None>
    <None Include="..\..\Shaders\TexturedVertex.glsl">
      <Filter>Shaders</Filter>
    </None>
  </ItemGroup>
</Project>